
Microsoft Visual Studio Solution File, Format Version 12.00
# Visual Studio Version 16
VisualStudioVersion = 16.0.31515.178
MinimumVisualStudioVersion = 10.0.40219.1
Project("{FAE04EC0-301F-11D3-BF4B-00C04F79EFBC}") = "QuanLyKVC", "QuanLyKVC\QuanLyKVC.csproj", "{7279545D-EF2C-4739-880E-8E3908FE8F9B}"
EndProject
Project("{FAE04EC0-301F-11D3-BF4B-00C04F79EFBC}") = "KVC_DAO", "KVC_DAO\KVC_DAO.csproj", "{FAEB6051-2D60-4616-9654-225310CB0140}"
EndProject
Project("{FAE04EC0-301F-11D3-BF4B-00C04F79EFBC}") = "KVC_DTO", "KVC_DTO\KVC_DTO.csproj", "{B0B69AF5-12D0-4F32-AB27-32B7FAC94A76}"
EndProject
Project("{FAE04EC0-301F-11D3-BF4B-00C04F79EFBC}") = "KVC_BUS", "KVC_BUS\KVC_BUS.csproj", "{2FF5DF35-F370-4C0B-897C-443BDCA83DB3}"
EndProject
Global
	GlobalSection(SolutionConfigurationPlatforms) = preSolution
		Debug|Any CPU = Debug|Any CPU
		Release|Any CPU = Release|Any CPU
	EndGlobalSection
	GlobalSection(ProjectConfigurationPlatforms) = postSolution
		{7279545D-EF2C-4739-880E-8E3908FE8F9B}.Debug|Any CPU.ActiveCfg = Debug|Any CPU
		{7279545D-EF2C-4739-880E-8E3908FE8F9B}.Debug|Any CPU.Build.0 = Debug|Any CPU
		{7279545D-EF2C-4739-880E-8E3908FE8F9B}.Release|Any CPU.ActiveCfg = Release|Any CPU
		{7279545D-EF2C-4739-880E-8E3908FE8F9B}.Release|Any CPU.Build.0 = Release|Any CPU
		{FAEB6051-2D60-4616-9654-225310CB0140}.Debug|Any CPU.ActiveCfg = Debug|Any CPU
		{FAEB6051-2D60-4616-9654-225310CB0140}.Debug|Any CPU.Build.0 = Debug|Any CPU
		{FAEB6051-2D60-4616-9654-225310CB0140}.Release|Any CPU.ActiveCfg = Release|Any CPU
		{FAEB6051-2D60-4616-9654-225310CB0140}.Release|Any CPU.Build.0 = Release|Any CPU
		{B0B69AF5-12D0-4F32-AB27-32B7FAC94A76}.Debug|Any CPU.ActiveCfg = Debug|Any CPU
		{B0B69AF5-12D0-4F32-AB27-32B7FAC94A76}.Debug|Any CPU.Build.0 = Debug|Any CPU
		{B0B69AF5-12D0-4F32-AB27-32B7FAC94A76}.Release|Any CPU.ActiveCfg = Release|Any CPU
		{B0B69AF5-12D0-4F32-AB27-32B7FAC94A76}.Release|Any CPU.Build.0 = Release|Any CPU
		{2FF5DF35-F370-4C0B-897C-443BDCA83DB3}.Debug|Any CPU.ActiveCfg = Debug|Any CPU
		{2FF5DF35-F370-4C0B-897C-443BDCA83DB3}.Debug|Any CPU.Build.0 = Debug|Any CPU
		{2FF5DF35-F370-4C0B-897C-443BDCA83DB3}.Release|Any CPU.ActiveCfg = Release|Any CPU
		{2FF5DF35-F370-4C0B-897C-443BDCA83DB3}.Release|Any CPU.Build.0 = Release|Any CPU
	EndGlobalSection
	GlobalSection(SolutionProperties) = preSolution
		HideSolutionNode = FALSE
	EndGlobalSection
	GlobalSection(ExtensibilityGlobals) = postSolution
		SolutionGuid = {379A490A-EA09-42F6-8291-972916EA1BA1}
	EndGlobalSection
EndGlobal
